
Microsoft Visual Studio Solution File, Format Version 12.00
# Visual Studio Version 17
VisualStudioVersion = 17.0.32112.339
MinimumVisualStudioVersion = 10.0.40219.1
Project("{9A19103F-16F7-4668-BE54-9A1E7A4F7556}") = "API", "src\API\API.csproj", "{7228E082-66BF-4BA9-B7E4-3910AC98C45D}"
EndProject
Global
	GlobalSection(SolutionConfigurationPlatforms) = preSolution
		Debug|Any CPU = Debug|Any CPU
		Release|Any CPU = Release|Any CPU
	EndGlobalSection
	GlobalSection(ProjectConfigurationPlatforms) = postSolution
		{7228E082-66BF-4BA9-B7E4-3910AC98C45D}.Debug|Any CPU.ActiveCfg = Debug|Any CPU
		{7228E082-66BF-4BA9-B7E4-3910AC98C45D}.Debug|Any CPU.Build.0 = Debug|Any CPU
		{7228E082-66BF-4BA9-B7E4-3910AC98C45D}.Release|Any CPU.ActiveCfg = Release|Any CPU
		{7228E082-66BF-4BA9-B7E4-3910AC98C45D}.Release|Any CPU.Build.0 = Release|Any CPU
	EndGlobalSection
	GlobalSection(SolutionProperties) = preSolution
		HideSolutionNode = FALSE
	EndGlobalSection
	GlobalSection(ExtensibilityGlobals) = postSolution
		SolutionGuid = {2E94F60D-6201-4817-9F84-70C981690FC9}
	EndGlobalSection
EndGlobal
